
Microsoft Visual Studio Solution File, Format Version 12.00
# Visual Studio Version 17
VisualStudioVersion = 17.2.32630.192
MinimumVisualStudioVersion = 10.0.40219.1
Project("{FAE04EC0-301F-11D3-BF4B-00C04F79EFBC}") = "SpaceInvaders", "SpaceInvaders.csproj", "{890060D1-EDC6-4760-B26D-73F6EA7099D1}"
EndProject
Global
	GlobalSection(SolutionConfigurationPlatforms) = preSolution
		Debug|Any CPU = Debug|Any CPU
		Release|Any CPU = Release|Any CPU
	EndGlobalSection
	GlobalSection(ProjectConfigurationPlatforms) = postSolution
		{890060D1-EDC6-4760-B26D-73F6EA7099D1}.Debug|Any CPU.ActiveCfg = Debug|Any CPU
		{890060D1-EDC6-4760-B26D-73F6EA7099D1}.Debug|Any CPU.Build.0 = Debug|Any CPU
		{890060D1-EDC6-4760-B26D-73F6EA7099D1}.Release|Any CPU.ActiveCfg = Release|Any CPU
		{890060D1-EDC6-4760-B26D-73F6EA7099D1}.Release|Any CPU.Build.0 = Release|Any CPU
	EndGlobalSection
	GlobalSection(SolutionProperties) = preSolution
		HideSolutionNode = FALSE
	EndGlobalSection
	GlobalSection(ExtensibilityGlobals) = postSolution
		SolutionGuid = {F7B0E6BB-8ED6-4FE2-8820-748C11A29D66}
	EndGlobalSection
EndGlobal
